{
    "twentytwentyfive": {
        "translations": {
            "pt_BR": {
                "updated": "2025-09-22 20:18:15",
                "version": "1.4"
            }
        }
    },
    "wordpress-no-content": {
        "translations": {
            "pt_BR": {
                "updated": "2026-03-13 21:17:41",
                "version": "6.9.4"
            }
        }
    }
}
